// !$*UTF8*$!
{
	archiveVersion = 1;
	classes = {
	};
	objectVersion = 48;
	objects = {

/* Begin PBXBuildFile section */
		4073372F2058330A00299A0F /* ServerManager.swift in Sources */ = {isa = PBXBuildFile; fileRef = 4073372E2058330A00299A0F /* ServerManager.swift */; };
		407337322058333E00299A0F /* Category.swift in Sources */ = {isa = PBXBuildFile; fileRef = 407337312058333E00299A0F /* Category.swift */; };
		407337342058336600299A0F /* Image.swift in Sources */ = {isa = PBXBuildFile; fileRef = 407337332058336600299A0F /* Image.swift */; };
		40B039C820594A1000AAD62A /* ApiRequests.swift in Sources */ = {isa = PBXBuildFile; fileRef = 40B039C720594A1000AAD62A /* ApiRequests.swift */; };
		40B039CC20595D0A00AAD62A /* Brand.swift in Sources */ = {isa = PBXBuildFile; fileRef = 40B039CB20595D0A00AAD62A /* Brand.swift */; };
		40B24A91205E8BF700FE00BF /* searchTableViewController.swift in Sources */ = {isa = PBXBuildFile; fileRef = 40B24A90205E8BF700FE00BF /* searchTableViewController.swift */; };
		40B24A93205E8C1200FE00BF /* searchTableViewCell.swift in Sources */ = {isa = PBXBuildFile; fileRef = 40B24A92205E8C1200FE00BF /* searchTableViewCell.swift */; };
		40B24A96205ED0C100FE00BF /* Model.swift in Sources */ = {isa = PBXBuildFile; fileRef = 40B24A95205ED0C100FE00BF /* Model.swift */; };
		40FB000A206135F50095E4A9 /* Protocols.swift in Sources */ = {isa = PBXBuildFile; fileRef = 40FB0009206135F50095E4A9 /* Protocols.swift */; };
		40FB000C2061373A0095E4A9 /* Enumerations.swift in Sources */ = {isa = PBXBuildFile; fileRef = 40FB000B2061373A0095E4A9 /* Enumerations.swift */; };
		40FB000F206168970095E4A9 /* VehicleResultTableViewController.swift in Sources */ = {isa = PBXBuildFile; fileRef = 40FB000E206168970095E4A9 /* VehicleResultTableViewController.swift */; };
		40FB0011206168B20095E4A9 /* VehicleResultTableViewCell.swift in Sources */ = {isa = PBXBuildFile; fileRef = 40FB0010206168B20095E4A9 /* VehicleResultTableViewCell.swift */; };
		7D51DC46205FC88000D5E107 /* Year.swift in Sources */ = {isa = PBXBuildFile; fileRef = 7D51DC45205FC88000D5E107 /* Year.swift */; };
		7D51DC49205FDF1400D5E107 /* Status.swift in Sources */ = {isa = PBXBuildFile; fileRef = 7D51DC48205FDF1400D5E107 /* Status.swift */; };
		7D51DC4C2060149E00D5E107 /* Vehicle.storyboard in Resources */ = {isa = PBXBuildFile; fileRef = 7D51DC4B2060149E00D5E107 /* Vehicle.storyboard */; };
		7DC92218205809EE00C1705F /* AppDelegate.swift in Sources */ = {isa = PBXBuildFile; fileRef = 7DC92217205809EE00C1705F /* AppDelegate.swift */; };
		7DC9221A205809EE00C1705F /* ViewController.swift in Sources */ = {isa = PBXBuildFile; fileRef = 7DC92219205809EE00C1705F /* ViewController.swift */; };
		7DC9221D205809EE00C1705F /* Main.storyboard in Resources */ = {isa = PBXBuildFile; fileRef = 7DC9221B205809EE00C1705F /* Main.storyboard */; };
		7DC9221F205809EE00C1705F /* Assets.xcassets in Resources */ = {isa = PBXBuildFile; fileRef = 7DC9221E205809EE00C1705F /* Assets.xcassets */; };
		7DC92222205809EE00C1705F /* LaunchScreen.storyboard in Resources */ = {isa = PBXBuildFile; fileRef = 7DC92220205809EE00C1705F /* LaunchScreen.storyboard */; };
		7DC9223020581AAE00C1705F /* sideMenu.storyboard in Resources */ = {isa = PBXBuildFile; fileRef = 7DC9222F20581AAE00C1705F /* sideMenu.storyboard */; };
		7DE7EB31206162F20014D569 /* VehicleResult.storyboard in Resources */ = {isa = PBXBuildFile; fileRef = 7DE7EB30206162F20014D569 /* VehicleResult.storyboard */; };
		906140AD261CF4A657737AD8 /* Pods_AbadTradeApp.framework in Frameworks */ = {isa = PBXBuildFile; fileRef = 83DC198F3043453F98950711 /* Pods_AbadTradeApp.framework */; };
/* End PBXBuildFile section */

/* Begin PBXFileReference section */
		11BA69E58BAC6CD88A2058D2 /* Pods-AbadTradeApp.debug.xcconfig */ = {isa = PBXFileReference; includeInIndex = 1; lastKnownFileType = text.xcconfig; name = "Pods-AbadTradeApp.debug.xcconfig"; path = "Pods/Target Support Files/Pods-AbadTradeApp/Pods-AbadTradeApp.debug.xcconfig"; sourceTree = "<group>"; };
		4073372E2058330A00299A0F /* ServerManager.swift */ = {isa = PBXFileReference; lastKnownFileType = sourcecode.swift; path = ServerManager.swift; sourceTree = "<group>"; };
		407337312058333E00299A0F /* Category.swift */ = {isa = PBXFileReference; lastKnownFileType = sourcecode.swift; path = Category.swift; sourceTree = "<group>"; };
		407337332058336600299A0F /* Image.swift */ = {isa = PBXFileReference; lastKnownFileType = sourcecode.swift; path = Image.swift; sourceTree = "<group>"; };
		40B039C720594A1000AAD62A /* ApiRequests.swift */ = {isa = PBXFileReference; lastKnownFileType = sourcecode.swift; path = ApiRequests.swift; sourceTree = "<group>"; };
		40B039CB20595D0A00AAD62A /* Brand.swift */ = {isa = PBXFileReference; lastKnownFileType = sourcecode.swift; path = Brand.swift; sourceTree = "<group>"; };
		40B24A90205E8BF700FE00BF /* searchTableViewController.swift */ = {isa = PBXFileReference; lastKnownFileType = sourcecode.swift; path = searchTableViewController.swift; sourceTree = "<group>"; };
		40B24A92205E8C1200FE00BF /* searchTableViewCell.swift */ = {isa = PBXFileReference; lastKnownFileType = sourcecode.swift; path = searchTableViewCell.swift; sourceTree = "<group>"; };
		40B24A95205ED0C100FE00BF /* Model.swift */ = {isa = PBXFileReference; lastKnownFileType = sourcecode.swift; path = Model.swift; sourceTree = "<group>"; };
		40FB0009206135F50095E4A9 /* Protocols.swift */ = {isa = PBXFileReference; lastKnownFileType = sourcecode.swift; path = Protocols.swift; sourceTree = "<group>"; };
		40FB000B2061373A0095E4A9 /* Enumerations.swift */ = {isa = PBXFileReference; lastKnownFileType = sourcecode.swift; path = Enumerations.swift; sourceTree = "<group>"; };
		40FB000E206168970095E4A9 /* VehicleResultTableViewController.swift */ = {isa = PBXFileReference; lastKnownFileType = sourcecode.swift; path = VehicleResultTableViewController.swift; sourceTree = "<group>"; };
		40FB0010206168B20095E4A9 /* VehicleResultTableViewCell.swift */ = {isa = PBXFileReference; lastKnownFileType = sourcecode.swift; path = VehicleResultTableViewCell.swift; sourceTree = "<group>"; };
		7D51DC45205FC88000D5E107 /* Year.swift */ = {isa = PBXFileReference; lastKnownFileType = sourcecode.swift; path = Year.swift; sourceTree = "<group>"; };
		7D51DC48205FDF1400D5E107 /* Status.swift */ = {isa = PBXFileReference; lastKnownFileType = sourcecode.swift; path = Status.swift; sourceTree = "<group>"; };
		7D51DC4B2060149E00D5E107 /* Vehicle.storyboard */ = {isa = PBXFileReference; lastKnownFileType = file.storyboard; path = Vehicle.storyboard; sourceTree = "<group>"; };
		7DC92214205809EE00C1705F /* AbadTradeApp.app */ = {isa = PBXFileReference; explicitFileType = wrapper.application; includeInIndex = 0; path = AbadTradeApp.app; sourceTree = BUILT_PRODUCTS_DIR; };
		7DC92217205809EE00C1705F /* AppDelegate.swift */ = {isa = PBXFileReference; lastKnownFileType = sourcecode.swift; path = AppDelegate.swift; sourceTree = "<group>"; };
		7DC92219205809EE00C1705F /* ViewController.swift */ = {isa = PBXFileReference; lastKnownFileType = sourcecode.swift; path = ViewController.swift; sourceTree = "<group>"; };
		7DC9221C205809EE00C1705F /* Base */ = {isa = PBXFileReference; lastKnownFileType = file.storyboard; name = Base; path = Base.lproj/Main.storyboard; sourceTree = "<group>"; };
		7DC9221E205809EE00C1705F /* Assets.xcassets */ = {isa = PBXFileReference; lastKnownFileType = folder.assetcatalog; path = Assets.xcassets; sourceTree = "<group>"; };
		7DC92221205809EE00C1705F /* Base */ = {isa = PBXFileReference; lastKnownFileType = file.storyboard; name = Base; path = Base.lproj/LaunchScreen.storyboard; sourceTree = "<group>"; };
		7DC92223205809EE00C1705F /* Info.plist */ = {isa = PBXFileReference; lastKnownFileType = text.plist.xml; path = Info.plist; sourceTree = "<group>"; };
		7DC9222F20581AAE00C1705F /* sideMenu.storyboard */ = {isa = PBXFileReference; lastKnownFileType = file.storyboard; path = sideMenu.storyboard; sourceTree = "<group>"; };
		7DE7EB30206162F20014D569 /* VehicleResult.storyboard */ = {isa = PBXFileReference; lastKnownFileType = file.storyboard; path = VehicleResult.storyboard; sourceTree = "<group>"; };
		83DC198F3043453F98950711 /* Pods_AbadTradeApp.framework */ = {isa = PBXFileReference; explicitFileType = wrapper.framework; includeInIndex = 0; path = Pods_AbadTradeApp.framework; sourceTree = BUILT_PRODUCTS_DIR; };
		BAD47109169BA93C4F5E2E21 /* Pods-AbadTradeApp.release.xcconfig */ = {isa = PBXFileReference; includeInIndex = 1; lastKnownFileType = text.xcconfig; name = "Pods-AbadTradeApp.release.xcconfig"; path = "Pods/Target Support Files/Pods-AbadTradeApp/Pods-AbadTradeApp.release.xcconfig"; sourceTree = "<group>"; };
/* End PBXFileReference section */

/* Begin PBXFrameworksBuildPhase section */
		7DC92211205809EE00C1705F /* Frameworks */ = {
			isa = PBXFrameworksBuildPhase;
			buildActionMask = 2147483647;
			files = (
				906140AD261CF4A657737AD8 /* Pods_AbadTradeApp.framework in Frameworks */,
			);
			runOnlyForDeploymentPostprocessing = 0;
		};
/* End PBXFrameworksBuildPhase section */

/* Begin PBXGroup section */
		3DDF279F78CF824D49A695D6 /* Pods */ = {
			isa = PBXGroup;
			children = (
				11BA69E58BAC6CD88A2058D2 /* Pods-AbadTradeApp.debug.xcconfig */,
				BAD47109169BA93C4F5E2E21 /* Pods-AbadTradeApp.release.xcconfig */,
			);
			name = Pods;
			sourceTree = "<group>";
		};
		4073372D205832F100299A0F /* Networking */ = {
			isa = PBXGroup;
			children = (
				4073372E2058330A00299A0F /* ServerManager.swift */,
				40B039C720594A1000AAD62A /* ApiRequests.swift */,
			);
			path = Networking;
			sourceTree = "<group>";
		};
		407337302058332900299A0F /* Models */ = {
			isa = PBXGroup;
			children = (
				7D51DC47205FDEEE00D5E107 /* Status */,
				7D51DC44205FC7B000D5E107 /* Year */,
				40B24A94205ED0A600FE00BF /* Model */,
				40B039CA20595CC900AAD62A /* Brand */,
				40B039C920595C7200AAD62A /* Vehicle */,
			);
			path = Models;
			sourceTree = "<group>";
		};
		40B039C920595C7200AAD62A /* Vehicle */ = {
			isa = PBXGroup;
			children = (
				407337312058333E00299A0F /* Category.swift */,
				407337332058336600299A0F /* Image.swift */,
			);
			path = Vehicle;
			sourceTree = "<group>";
		};
		40B039CA20595CC900AAD62A /* Brand */ = {
			isa = PBXGroup;
			children = (
				40B039CB20595D0A00AAD62A /* Brand.swift */,
			);
			path = Brand;
			sourceTree = "<group>";
		};
		40B039CD2059765A00AAD62A /* Controllers */ = {
			isa = PBXGroup;
			children = (
				40FB000D206168580095E4A9 /* VehicleResultControllers */,
				40FCE0DD205D70BA002F2291 /* HomeControllers */,
			);
			path = Controllers;
			sourceTree = "<group>";
		};
		40B24A94205ED0A600FE00BF /* Model */ = {
			isa = PBXGroup;
			children = (
				40B24A95205ED0C100FE00BF /* Model.swift */,
			);
			path = Model;
			sourceTree = "<group>";
		};
		40FB000D206168580095E4A9 /* VehicleResultControllers */ = {
			isa = PBXGroup;
			children = (
				40FB000E206168970095E4A9 /* VehicleResultTableViewController.swift */,
				40FB0010206168B20095E4A9 /* VehicleResultTableViewCell.swift */,
			);
			path = VehicleResultControllers;
			sourceTree = "<group>";
		};
		40FCE0DD205D70BA002F2291 /* HomeControllers */ = {
			isa = PBXGroup;
			children = (
				7DC92219205809EE00C1705F /* ViewController.swift */,
				40B24A90205E8BF700FE00BF /* searchTableViewController.swift */,
				40B24A92205E8C1200FE00BF /* searchTableViewCell.swift */,
			);
			path = HomeControllers;
			sourceTree = "<group>";
		};
		7B299313159BD27410446862 /* Frameworks */ = {
			isa = PBXGroup;
			children = (
				83DC198F3043453F98950711 /* Pods_AbadTradeApp.framework */,
			);
			name = Frameworks;
			sourceTree = "<group>";
		};
		7D51DC44205FC7B000D5E107 /* Year */ = {
			isa = PBXGroup;
			children = (
				7D51DC45205FC88000D5E107 /* Year.swift */,
			);
			path = Year;
			sourceTree = "<group>";
		};
		7D51DC47205FDEEE00D5E107 /* Status */ = {
			isa = PBXGroup;
			children = (
				7D51DC48205FDF1400D5E107 /* Status.swift */,
			);
			path = Status;
			sourceTree = "<group>";
		};
		7D51DC4A2060145E00D5E107 /* Vehicles */ = {
			isa = PBXGroup;
			children = (
				7D51DC4B2060149E00D5E107 /* Vehicle.storyboard */,
			);
			path = Vehicles;
			sourceTree = "<group>";
		};
		7DC9220B205809EE00C1705F = {
			isa = PBXGroup;
			children = (
				7DC92216205809EE00C1705F /* AbadTradeApp */,
				7DC92215205809EE00C1705F /* Products */,
				3DDF279F78CF824D49A695D6 /* Pods */,
				7B299313159BD27410446862 /* Frameworks */,
			);
			sourceTree = "<group>";
		};
		7DC92215205809EE00C1705F /* Products */ = {
			isa = PBXGroup;
			children = (
				7DC92214205809EE00C1705F /* AbadTradeApp.app */,
			);
			name = Products;
			sourceTree = "<group>";
		};
		7DC92216205809EE00C1705F /* AbadTradeApp */ = {
			isa = PBXGroup;
			children = (
				40B039CD2059765A00AAD62A /* Controllers */,
				407337302058332900299A0F /* Models */,
				4073372D205832F100299A0F /* Networking */,
				7DC9222D20581A6900C1705F /* Views */,
				7DC92217205809EE00C1705F /* AppDelegate.swift */,
				7DC9221B205809EE00C1705F /* Main.storyboard */,
				7DC9221E205809EE00C1705F /* Assets.xcassets */,
				7DC92220205809EE00C1705F /* LaunchScreen.storyboard */,
				7DC92223205809EE00C1705F /* Info.plist */,
				40FB0009206135F50095E4A9 /* Protocols.swift */,
				40FB000B2061373A0095E4A9 /* Enumerations.swift */,
			);
			path = AbadTradeApp;
			sourceTree = "<group>";
		};
		7DC9222D20581A6900C1705F /* Views */ = {
			isa = PBXGroup;
			children = (
				7DE7EB2F2061627A0014D569 /* VehicleResult */,
				7D51DC4A2060145E00D5E107 /* Vehicles */,
				7DC9222E20581A7600C1705F /* Sidemenu */,
			);
			path = Views;
			sourceTree = "<group>";
		};
		7DC9222E20581A7600C1705F /* Sidemenu */ = {
			isa = PBXGroup;
			children = (
				7DC9222F20581AAE00C1705F /* sideMenu.storyboard */,
			);
			path = Sidemenu;
			sourceTree = "<group>";
		};
		7DE7EB2F2061627A0014D569 /* VehicleResult */ = {
			isa = PBXGroup;
			children = (
				7DE7EB30206162F20014D569 /* VehicleResult.storyboard */,
			);
			path = VehicleResult;
			sourceTree = "<group>";
		};
/* End PBXGroup section */

/* Begin PBXNativeTarget section */
		7DC92213205809EE00C1705F /* AbadTradeApp */ = {
			isa = PBXNativeTarget;
			buildConfigurationList = 7DC92226205809EE00C1705F /* Build configuration list for PBXNativeTarget "AbadTradeApp" */;
			buildPhases = (
				A38BDCE2C9379793AC60527C /* [CP] Check Pods Manifest.lock */,
				7DC92210205809EE00C1705F /* Sources */,
				7DC92211205809EE00C1705F /* Frameworks */,
				7DC92212205809EE00C1705F /* Resources */,
				CAF210FF345B25A3454D37DA /* [CP] Embed Pods Frameworks */,
				B73B9BEE677B5F5DA25E8C0A /* [CP] Copy Pods Resources */,
			);
			buildRules = (
			);
			dependencies = (
			);
			name = AbadTradeApp;
			productName = AbadTradeApp;
			productReference = 7DC92214205809EE00C1705F /* AbadTradeApp.app */;
			productType = "com.apple.product-type.application";
		};
/* End PBXNativeTarget section */

/* Begin PBXProject section */
		7DC9220C205809EE00C1705F /* Project object */ = {
			isa = PBXProject;
			attributes = {
				LastSwiftUpdateCheck = 0910;
				LastUpgradeCheck = 0910;
				ORGANIZATIONNAME = AmrObjection;
				TargetAttributes = {
					7DC92213205809EE00C1705F = {
						CreatedOnToolsVersion = 9.1;
						ProvisioningStyle = Automatic;
					};
				};
			};
			buildConfigurationList = 7DC9220F205809EE00C1705F /* Build configuration list for PBXProject "AbadTradeApp" */;
			compatibilityVersion = "Xcode 8.0";
			developmentRegion = en;
			hasScannedForEncodings = 0;
			knownRegions = (
				en,
				Base,
			);
			mainGroup = 7DC9220B205809EE00C1705F;
			productRefGroup = 7DC92215205809EE00C1705F /* Products */;
			projectDirPath = "";
			projectRoot = "";
			targets = (
				7DC92213205809EE00C1705F /* AbadTradeApp */,
			);
		};
/* End PBXProject section */

/* Begin PBXResourcesBuildPhase section */
		7DC92212205809EE00C1705F /* Resources */ = {
			isa = PBXResourcesBuildPhase;
			buildActionMask = 2147483647;
			files = (
				7DC9223020581AAE00C1705F /* sideMenu.storyboard in Resources */,
				7DC92222205809EE00C1705F /* LaunchScreen.storyboard in Resources */,
				7DE7EB31206162F20014D569 /* VehicleResult.storyboard in Resources */,
				7DC9221F205809EE00C1705F /* Assets.xcassets in Resources */,
				7D51DC4C2060149E00D5E107 /* Vehicle.storyboard in Resources */,
				7DC9221D205809EE00C1705F /* Main.storyboard in Resources */,
			);
			runOnlyForDeploymentPostprocessing = 0;
		};
/* End PBXResourcesBuildPhase section */

/* Begin PBXShellScriptBuildPhase section */
		A38BDCE2C9379793AC60527C /* [CP] Check Pods Manifest.lock */ = {
			isa = PBXShellScriptBuildPhase;
			buildActionMask = 2147483647;
			files = (
			);
			inputPaths = (
				"${PODS_PODFILE_DIR_PATH}/Podfile.lock",
				"${PODS_ROOT}/Manifest.lock",
			);
			name = "[CP] Check Pods Manifest.lock";
			outputPaths = (
				"$(DERIVED_FILE_DIR)/Pods-AbadTradeApp-checkManifestLockResult.txt",
			);
			runOnlyForDeploymentPostprocessing = 0;
			shellPath = /bin/sh;
			shellScript = "diff \"${PODS_PODFILE_DIR_PATH}/Podfile.lock\" \"${PODS_ROOT}/Manifest.lock\" > /dev/null\nif [ $? != 0 ] ; then\n    # print error to STDERR\n    echo \"error: The sandbox is not in sync with the Podfile.lock. Run 'pod install' or update your CocoaPods installation.\" >&2\n    exit 1\nfi\n# This output is used by Xcode 'outputs' to avoid re-running this script phase.\necho \"SUCCESS\" > \"${SCRIPT_OUTPUT_FILE_0}\"\n";
			showEnvVarsInLog = 0;
		};
		B73B9BEE677B5F5DA25E8C0A /* [CP] Copy Pods Resources */ = {
			isa = PBXShellScriptBuildPhase;
			buildActionMask = 2147483647;
			files = (
			);
			inputPaths = (
			);
			name = "[CP] Copy Pods Resources";
			outputPaths = (
			);
			runOnlyForDeploymentPostprocessing = 0;
			shellPath = /bin/sh;
			shellScript = "\"${SRCROOT}/Pods/Target Support Files/Pods-AbadTradeApp/Pods-AbadTradeApp-resources.sh\"\n";
			showEnvVarsInLog = 0;
		};
		CAF210FF345B25A3454D37DA /* [CP] Embed Pods Frameworks */ = {
			isa = PBXShellScriptBuildPhase;
			buildActionMask = 2147483647;
			files = (
			);
			inputPaths = (
				"${SRCROOT}/Pods/Target Support Files/Pods-AbadTradeApp/Pods-AbadTradeApp-frameworks.sh",
				"${BUILT_PRODUCTS_DIR}/Alamofire/Alamofire.framework",
				"${BUILT_PRODUCTS_DIR}/SideMenu/SideMenu.framework",
				"${BUILT_PRODUCTS_DIR}/SwiftyJSON/SwiftyJSON.framework",
			);
			name = "[CP] Embed Pods Frameworks";
			outputPaths = (
				"${TARGET_BUILD_DIR}/${FRAMEWORKS_FOLDER_PATH}/Alamofire.framework",
				"${TARGET_BUILD_DIR}/${FRAMEWORKS_FOLDER_PATH}/SideMenu.framework",
				"${TARGET_BUILD_DIR}/${FRAMEWORKS_FOLDER_PATH}/SwiftyJSON.framework",
			);
			runOnlyForDeploymentPostprocessing = 0;
			shellPath = /bin/sh;
			shellScript = "\"${SRCROOT}/Pods/Target Support Files/Pods-AbadTradeApp/Pods-AbadTradeApp-frameworks.sh\"\n";
			showEnvVarsInLog = 0;
		};
/* End PBXShellScriptBuildPhase section */

/* Begin PBXSourcesBuildPhase section */
		7DC92210205809EE00C1705F /* Sources */ = {
			isa = PBXSourcesBuildPhase;
			buildActionMask = 2147483647;
			files = (
				7D51DC46205FC88000D5E107 /* Year.swift in Sources */,
				7DC9221A205809EE00C1705F /* ViewController.swift in Sources */,
				4073372F2058330A00299A0F /* ServerManager.swift in Sources */,
				40B039C820594A1000AAD62A /* ApiRequests.swift in Sources */,
				7DC92218205809EE00C1705F /* AppDelegate.swift in Sources */,
				40B039CC20595D0A00AAD62A /* Brand.swift in Sources */,
				40B24A96205ED0C100FE00BF /* Model.swift in Sources */,
				40FB000C2061373A0095E4A9 /* Enumerations.swift in Sources */,
				407337322058333E00299A0F /* Category.swift in Sources */,
				407337342058336600299A0F /* Image.swift in Sources */,
				40FB0011206168B20095E4A9 /* VehicleResultTableViewCell.swift in Sources */,
				40FB000A206135F50095E4A9 /* Protocols.swift in Sources */,
				40B24A91205E8BF700FE00BF /* searchTableViewController.swift in Sources */,
				40B24A93205E8C1200FE00BF /* searchTableViewCell.swift in Sources */,
				7D51DC49205FDF1400D5E107 /* Status.swift in Sources */,
				40FB000F206168970095E4A9 /* VehicleResultTableViewController.swift in Sources */,
			);
			runOnlyForDeploymentPostprocessing = 0;
		};
/* End PBXSourcesBuildPhase section */

/* Begin PBXVariantGroup section */
		7DC9221B205809EE00C1705F /* Main.storyboard */ = {
			isa = PBXVariantGroup;
			children = (
				7DC9221C205809EE00C1705F /* Base */,
			);
			name = Main.storyboard;
			sourceTree = "<group>";
		};
		7DC92220205809EE00C1705F /* LaunchScreen.storyboard */ = {
			isa = PBXVariantGroup;
			children = (
				7DC92221205809EE00C1705F /* Base */,
			);
			name = LaunchScreen.storyboard;
			sourceTree = "<group>";
		};
/* End PBXVariantGroup section */

/* Begin XCBuildConfiguration section */
		7DC92224205809EE00C1705F /* Debug */ = {
			isa = XCBuildConfiguration;
			buildSettings = {
				ALWAYS_SEARCH_USER_PATHS = NO;
				CLANG_ANALYZER_NONNULL = YES;
				CLANG_ANALYZER_NUMBER_OBJECT_CONVERSION = YES_AGGRESSIVE;
				CLANG_CXX_LANGUAGE_STANDARD = "gnu++14";
				CLANG_CXX_LIBRARY = "libc++";
				CLANG_ENABLE_MODULES = YES;
				CLANG_ENABLE_OBJC_ARC = YES;
				CLANG_WARN_BLOCK_CAPTURE_AUTORELEASING = YES;
				CLANG_WARN_BOOL_CONVERSION = YES;
				CLANG_WARN_COMMA = YES;
				CLANG_WARN_CONSTANT_CONVERSION = YES;
				CLANG_WARN_DIRECT_OBJC_ISA_USAGE = YES_ERROR;
				CLANG_WARN_DOCUMENTATION_COMMENTS = YES;
				CLANG_WARN_EMPTY_BODY = YES;
				CLANG_WARN_ENUM_CONVERSION = YES;
				CLANG_WARN_INFINITE_RECURSION = YES;
				CLANG_WARN_INT_CONVERSION = YES;
				CLANG_WARN_NON_LITERAL_NULL_CONVERSION = YES;
				CLANG_WARN_OBJC_LITERAL_CONVERSION = YES;
				CLANG_WARN_OBJC_ROOT_CLASS = YES_ERROR;
				CLANG_WARN_RANGE_LOOP_ANALYSIS = YES;
				CLANG_WARN_STRICT_PROTOTYPES = YES;
				CLANG_WARN_SUSPICIOUS_MOVE = YES;
				CLANG_WARN_UNGUARDED_AVAILABILITY = YES_AGGRESSIVE;
				CLANG_WARN_UNREACHABLE_CODE = YES;
				CLANG_WARN__DUPLICATE_METHOD_MATCH = YES;
				CODE_SIGN_IDENTITY = "iPhone Developer";
				COPY_PHASE_STRIP = NO;
				DEBUG_INFORMATION_FORMAT = dwarf;
				ENABLE_STRICT_OBJC_MSGSEND = YES;
				ENABLE_TESTABILITY = YES;
				GCC_C_LANGUAGE_STANDARD = gnu11;
				GCC_DYNAMIC_NO_PIC = NO;
				GCC_NO_COMMON_BLOCKS = YES;
				GCC_OPTIMIZATION_LEVEL = 0;
				GCC_PREPROCESSOR_DEFINITIONS = (
					"DEBUG=1",
					"$(inherited)",
				);
				GCC_WARN_64_TO_32_BIT_CONVERSION = YES;
				GCC_WARN_ABOUT_RETURN_TYPE = YES_ERROR;
				GCC_WARN_UNDECLARED_SELECTOR = YES;
				GCC_WARN_UNINITIALIZED_AUTOS = YES_AGGRESSIVE;
				GCC_WARN_UNUSED_FUNCTION = YES;
				GCC_WARN_UNUSED_VARIABLE = YES;
				IPHONEOS_DEPLOYMENT_TARGET = 11.1;
				MTL_ENABLE_DEBUG_INFO = YES;
				ONLY_ACTIVE_ARCH = YES;
				SDKROOT = iphoneos;
				SWIFT_ACTIVE_COMPILATION_CONDITIONS = DEBUG;
				SWIFT_OPTIMIZATION_LEVEL = "-Onone";
			};
			name = Debug;
		};
		7DC92225205809EE00C1705F /* Release */ = {
			isa = XCBuildConfiguration;
			buildSettings = {
				ALWAYS_SEARCH_USER_PATHS = NO;
				CLANG_ANALYZER_NONNULL = YES;
				CLANG_ANALYZER_NUMBER_OBJECT_CONVERSION = YES_AGGRESSIVE;
				CLANG_CXX_LANGUAGE_STANDARD = "gnu++14";
				CLANG_CXX_LIBRARY = "libc++";
				CLANG_ENABLE_MODULES = YES;
				CLANG_ENABLE_OBJC_ARC = YES;
				CLANG_WARN_BLOCK_CAPTURE_AUTORELEASING = YES;
				CLANG_WARN_BOOL_CONVERSION = YES;
				CLANG_WARN_COMMA = YES;
				CLANG_WARN_CONSTANT_CONVERSION = YES;
				CLANG_WARN_DIRECT_OBJC_ISA_USAGE = YES_ERROR;
				CLANG_WARN_DOCUMENTATION_COMMENTS = YES;
				CLANG_WARN_EMPTY_BODY = YES;
				CLANG_WARN_ENUM_CONVERSION = YES;
				CLANG_WARN_INFINITE_RECURSION = YES;
				CLANG_WARN_INT_CONVERSION = YES;
				CLANG_WARN_NON_LITERAL_NULL_CONVERSION = YES;
				CLANG_WARN_OBJC_LITERAL_CONVERSION = YES;
				CLANG_WARN_OBJC_ROOT_CLASS = YES_ERROR;
				CLANG_WARN_RANGE_LOOP_ANALYSIS = YES;
				CLANG_WARN_STRICT_PROTOTYPES = YES;
				CLANG_WARN_SUSPICIOUS_MOVE = YES;
				CLANG_WARN_UNGUARDED_AVAILABILITY = YES_AGGRESSIVE;
				CLANG_WARN_UNREACHABLE_CODE = YES;
				CLANG_WARN__DUPLICATE_METHOD_MATCH = YES;
				CODE_SIGN_IDENTITY = "iPhone Developer";
				COPY_PHASE_STRIP = NO;
				DEBUG_INFORMATION_FORMAT = "dwarf-with-dsym";
				ENABLE_NS_ASSERTIONS = NO;
				ENABLE_STRICT_OBJC_MSGSEND = YES;
				GCC_C_LANGUAGE_STANDARD = gnu11;
				GCC_NO_COMMON_BLOCKS = YES;
				GCC_WARN_64_TO_32_BIT_CONVERSION = YES;
				GCC_WARN_ABOUT_RETURN_TYPE = YES_ERROR;
				GCC_WARN_UNDECLARED_SELECTOR = YES;
				GCC_WARN_UNINITIALIZED_AUTOS = YES_AGGRESSIVE;
				GCC_WARN_UNUSED_FUNCTION = YES;
				GCC_WARN_UNUSED_VARIABLE = YES;
				IPHONEOS_DEPLOYMENT_TARGET = 11.1;
				MTL_ENABLE_DEBUG_INFO = NO;
				SDKROOT = iphoneos;
				SWIFT_OPTIMIZATION_LEVEL = "-Owholemodule";
				VALIDATE_PRODUCT = YES;
			};
			name = Release;
		};
		7DC92227205809EE00C1705F /* Debug */ = {
			isa = XCBuildConfiguration;
			baseConfigurationReference = 11BA69E58BAC6CD88A2058D2 /* Pods-AbadTradeApp.debug.xcconfig */;
			buildSettings = {
				ASSETCATALOG_COMPILER_APPICON_NAME = AppIcon;
				CODE_SIGN_STYLE = Automatic;
				INFOPLIST_FILE = AbadTradeApp/Info.plist;
				LD_RUNPATH_SEARCH_PATHS = "$(inherited) @executable_path/Frameworks";
				PRODUCT_BUNDLE_IDENTIFIER = com.amr.net.AbadTradeApp;
				PRODUCT_NAME = "$(TARGET_NAME)";
				SWIFT_VERSION = 4.0;
				TARGETED_DEVICE_FAMILY = "1,2";
			};
			name = Debug;
		};
		7DC92228205809EE00C1705F /* Release */ = {
			isa = XCBuildConfiguration;
			baseConfigurationReference = BAD47109169BA93C4F5E2E21 /* Pods-AbadTradeApp.release.xcconfig */;
			buildSettings = {
				ASSETCATALOG_COMPILER_APPICON_NAME = AppIcon;
				CODE_SIGN_STYLE = Automatic;
				INFOPLIST_FILE = AbadTradeApp/Info.plist;
				LD_RUNPATH_SEARCH_PATHS = "$(inherited) @executable_path/Frameworks";
				PRODUCT_BUNDLE_IDENTIFIER = com.amr.net.AbadTradeApp;
				PRODUCT_NAME = "$(TARGET_NAME)";
				SWIFT_VERSION = 4.0;
				TARGETED_DEVICE_FAMILY = "1,2";
			};
			name = Release;
		};
/* End XCBuildConfiguration section */

/* Begin XCConfigurationList section */
		7DC9220F205809EE00C1705F /* Build configuration list for PBXProject "AbadTradeApp" */ = {
			isa = XCConfigurationList;
			buildConfigurations = (
				7DC92224205809EE00C1705F /* Debug */,
				7DC92225205809EE00C1705F /* Release */,
			);
			defaultConfigurationIsVisible = 0;
			defaultConfigurationName = Release;
		};
		7DC92226205809EE00C1705F /* Build configuration list for PBXNativeTarget "AbadTradeApp" */ = {
			isa = XCConfigurationList;
			buildConfigurations = (
				7DC92227205809EE00C1705F /* Debug */,
				7DC92228205809EE00C1705F /* Release */,
			);
			defaultConfigurationIsVisible = 0;
			defaultConfigurationName = Release;
		};
/* End XCConfigurationList section */
	};
	rootObject = 7DC9220C205809EE00C1705F /* Project object */;
}
